// !$*UTF8*$!
{
	archiveVersion = 1;
	classes = {
	};
	objectVersion = 50;
	objects = {

/* Begin PBXBuildFile section */
		9C700101250F781E00FB88AE /* AppDelegate.swift in Sources */ = {isa = PBXBuildFile; fileRef = 9C700100250F781E00FB88AE /* AppDelegate.swift */; };
		9C700103250F781E00FB88AE /* SceneDelegate.swift in Sources */ = {isa = PBXBuildFile; fileRef = 9C700102250F781E00FB88AE /* SceneDelegate.swift */; };
		9C700105250F781E00FB88AE /* ContentView.swift in Sources */ = {isa = PBXBuildFile; fileRef = 9C700104250F781E00FB88AE /* ContentView.swift */; };
		9C700107250F782100FB88AE /* Assets.xcassets in Resources */ = {isa = PBXBuildFile; fileRef = 9C700106250F782100FB88AE /* Assets.xcassets */; };
		9C70010A250F782100FB88AE /* Preview Assets.xcassets in Resources */ = {isa = PBXBuildFile; fileRef = 9C700109250F782100FB88AE /* Preview Assets.xcassets */; };
		9C70010D250F782100FB88AE /* LaunchScreen.storyboard in Resources */ = {isa = PBXBuildFile; fileRef = 9C70010B250F782100FB88AE /* LaunchScreen.storyboard */; };
		9C700115250F78F700FB88AE /* YGOfetcher.swift in Sources */ = {isa = PBXBuildFile; fileRef = 9C700114250F78F700FB88AE /* YGOfetcher.swift */; };
		9C700117250F958000FB88AE /* DuelistView.swift in Sources */ = {isa = PBXBuildFile; fileRef = 9C700116250F958000FB88AE /* DuelistView.swift */; };
/* End PBXBuildFile section */

/* Begin PBXFileReference section */
		9C7000FD250F781E00FB88AE /* Yugioh.app */ = {isa = PBXFileReference; explicitFileType = wrapper.application; includeInIndex = 0; path = Yugioh.app; sourceTree = BUILT_PRODUCTS_DIR; };
		9C700100250F781E00FB88AE /* AppDelegate.swift */ = {isa = PBXFileReference; lastKnownFileType = sourcecode.swift; path = AppDelegate.swift; sourceTree = "<group>"; };
		9C700102250F781E00FB88AE /* SceneDelegate.swift */ = {isa = PBXFileReference; lastKnownFileType = sourcecode.swift; path = SceneDelegate.swift; sourceTree = "<group>"; };
		9C700104250F781E00FB88AE /* ContentView.swift */ = {isa = PBXFileReference; lastKnownFileType = sourcecode.swift; path = ContentView.swift; sourceTree = "<group>"; };
		9C700106250F782100FB88AE /* Assets.xcassets */ = {isa = PBXFileReference; lastKnownFileType = folder.assetcatalog; path = Assets.xcassets; sourceTree = "<group>"; };
		9C700109250F782100FB88AE /* Preview Assets.xcassets */ = {isa = PBXFileReference; lastKnownFileType = folder.assetcatalog; path = "Preview Assets.xcassets"; sourceTree = "<group>"; };
		9C70010C250F782100FB88AE /* Base */ = {isa = PBXFileReference; lastKnownFileType = file.storyboard; name = Base; path = Base.lproj/LaunchScreen.storyboard; sourceTree = "<group>"; };
		9C70010E250F782100FB88AE /* Info.plist */ = {isa = PBXFileReference; lastKnownFileType = text.plist.xml; path = Info.plist; sourceTree = "<group>"; };
		9C700114250F78F700FB88AE /* YGOfetcher.swift */ = {isa = PBXFileReference; lastKnownFileType = sourcecode.swift; path = YGOfetcher.swift; sourceTree = "<group>"; };
		9C700116250F958000FB88AE /* DuelistView.swift */ = {isa = PBXFileReference; lastKnownFileType = sourcecode.swift; path = DuelistView.swift; sourceTree = "<group>"; };
/* End PBXFileReference section */

/* Begin PBXFrameworksBuildPhase section */
		9C7000FA250F781E00FB88AE /* Frameworks */ = {
			isa = PBXFrameworksBuildPhase;
			buildActionMask = 2147483647;
			files = (
			);
			runOnlyForDeploymentPostprocessing = 0;
		};
/* End PBXFrameworksBuildPhase section */

/* Begin PBXGroup section */
		9C7000F4250F781E00FB88AE = {
			isa = PBXGroup;
			children = (
				9C7000FF250F781E00FB88AE /* Yugioh */,
				9C7000FE250F781E00FB88AE /* Products */,
			);
			sourceTree = "<group>";
		};
		9C7000FE250F781E00FB88AE /* Products */ = {
			isa = PBXGroup;
			children = (
				9C7000FD250F781E00FB88AE /* Yugioh.app */,
			);
			name = Products;
			sourceTree = "<group>";
		};
		9C7000FF250F781E00FB88AE /* Yugioh */ = {
			isa = PBXGroup;
			children = (
				9C700100250F781E00FB88AE /* AppDelegate.swift */,
				9C700102250F781E00FB88AE /* SceneDelegate.swift */,
				9C700104250F781E00FB88AE /* ContentView.swift */,
				9C700106250F782100FB88AE /* Assets.xcassets */,
				9C70010B250F782100FB88AE /* LaunchScreen.storyboard */,
				9C70010E250F782100FB88AE /* Info.plist */,
				9C700108250F782100FB88AE /* Preview Content */,
				9C700114250F78F700FB88AE /* YGOfetcher.swift */,
				9C700116250F958000FB88AE /* DuelistView.swift */,
			);
			path = Yugioh;
			sourceTree = "<group>";
		};
		9C700108250F782100FB88AE /* Preview Content */ = {
			isa = PBXGroup;
			children = (
				9C700109250F782100FB88AE /* Preview Assets.xcassets */,
			);
			path = "Preview Content";
			sourceTree = "<group>";
		};
/* End PBXGroup section */

/* Begin PBXNativeTarget section */
		9C7000FC250F781E00FB88AE /* Yugioh */ = {
			isa = PBXNativeTarget;
			buildConfigurationList = 9C700111250F782100FB88AE /* Build configuration list for PBXNativeTarget "Yugioh" */;
			buildPhases = (
				9C7000F9250F781E00FB88AE /* Sources */,
				9C7000FA250F781E00FB88AE /* Frameworks */,
				9C7000FB250F781E00FB88AE /* Resources */,
			);
			buildRules = (
			);
			dependencies = (
			);
			name = Yugioh;
			productName = Yugioh;
			productReference = 9C7000FD250F781E00FB88AE /* Yugioh.app */;
			productType = "com.apple.product-type.application";
		};
/* End PBXNativeTarget section */

/* Begin PBXProject section */
		9C7000F5250F781E00FB88AE /* Project object */ = {
			isa = PBXProject;
			attributes = {
				LastSwiftUpdateCheck = 1170;
				LastUpgradeCheck = 1200;
				ORGANIZATIONNAME = Aleksandar;
				TargetAttributes = {
					9C7000FC250F781E00FB88AE = {
						CreatedOnToolsVersion = 11.7;
					};
				};
			};
			buildConfigurationList = 9C7000F8250F781E00FB88AE /* Build configuration list for PBXProject "Yugioh" */;
			compatibilityVersion = "Xcode 9.3";
			developmentRegion = en;
			hasScannedForEncodings = 0;
			knownRegions = (
				en,
				Base,
			);
			mainGroup = 9C7000F4250F781E00FB88AE;
			productRefGroup = 9C7000FE250F781E00FB88AE /* Products */;
			projectDirPath = "";
			projectRoot = "";
			targets = (
				9C7000FC250F781E00FB88AE /* Yugioh */,
			);
		};
/* End PBXProject section */

/* Begin PBXResourcesBuildPhase section */
		9C7000FB250F781E00FB88AE /* Resources */ = {
			isa = PBXResourcesBuildPhase;
			buildActionMask = 2147483647;
			files = (
				9C70010D250F782100FB88AE /* LaunchScreen.storyboard in Resources */,
				9C70010A250F782100FB88AE /* Preview Assets.xcassets in Resources */,
				9C700107250F782100FB88AE /* Assets.xcassets in Resources */,
			);
			runOnlyForDeploymentPostprocessing = 0;
		};
/* End PBXResourcesBuildPhase section */

/* Begin PBXSourcesBuildPhase section */
		9C7000F9250F781E00FB88AE /* Sources */ = {
			isa = PBXSourcesBuildPhase;
			buildActionMask = 2147483647;
			files = (
				9C700101250F781E00FB88AE /* AppDelegate.swift in Sources */,
				9C700103250F781E00FB88AE /* SceneDelegate.swift in Sources */,
				9C700105250F781E00FB88AE /* ContentView.swift in Sources */,
				9C700115250F78F700FB88AE /* YGOfetcher.swift in Sources */,
				9C700117250F958000FB88AE /* DuelistView.swift in Sources */,
			);
			runOnlyForDeploymentPostprocessing = 0;
		};
/* End PBXSourcesBuildPhase section */

/* Begin PBXVariantGroup section */
		9C70010B250F782100FB88AE /* LaunchScreen.storyboard */ = {
			isa = PBXVariantGroup;
			children = (
				9C70010C250F782100FB88AE /* Base */,
			);
			name = LaunchScreen.storyboard;
			sourceTree = "<group>";
		};
/* End PBXVariantGroup section */

/* Begin XCBuildConfiguration section */
		9C70010F250F782100FB88AE /* Debug */ = {
			isa = XCBuildConfiguration;
			buildSettings = {
				ALWAYS_SEARCH_USER_PATHS = NO;
				CLANG_ANALYZER_NONNULL = YES;
				CLANG_ANALYZER_NUMBER_OBJECT_CONVERSION = YES_AGGRESSIVE;
				CLANG_CXX_LANGUAGE_STANDARD = "gnu++14";
				CLANG_CXX_LIBRARY = "libc++";
				CLANG_ENABLE_MODULES = YES;
				CLANG_ENABLE_OBJC_ARC = YES;
				CLANG_ENABLE_OBJC_WEAK = YES;
				CLANG_WARN_BLOCK_CAPTURE_AUTORELEASING = YES;
				CLANG_WARN_BOOL_CONVERSION = YES;
				CLANG_WARN_COMMA = YES;
				CLANG_WARN_CONSTANT_CONVERSION = YES;
				CLANG_WARN_DEPRECATED_OBJC_IMPLEMENTATIONS = YES;
				CLANG_WARN_DIRECT_OBJC_ISA_USAGE = YES_ERROR;
				CLANG_WARN_DOCUMENTATION_COMMENTS = YES;
				CLANG_WARN_EMPTY_BODY = YES;
				CLANG_WARN_ENUM_CONVERSION = YES;
				CLANG_WARN_INFINITE_RECURSION = YES;
				CLANG_WARN_INT_CONVERSION = YES;
				CLANG_WARN_NON_LITERAL_NULL_CONVERSION = YES;
				CLANG_WARN_OBJC_IMPLICIT_RETAIN_SELF = YES;
				CLANG_WARN_OBJC_LITERAL_CONVERSION = YES;
				CLANG_WARN_OBJC_ROOT_CLASS = YES_ERROR;
				CLANG_WARN_QUOTED_INCLUDE_IN_FRAMEWORK_HEADER = YES;
				CLANG_WARN_RANGE_LOOP_ANALYSIS = YES;
				CLANG_WARN_STRICT_PROTOTYPES = YES;
				CLANG_WARN_SUSPICIOUS_MOVE = YES;
				CLANG_WARN_UNGUARDED_AVAILABILITY = YES_AGGRESSIVE;
				CLANG_WARN_UNREACHABLE_CODE = YES;
				CLANG_WARN__DUPLICATE_METHOD_MATCH = YES;
				COPY_PHASE_STRIP = NO;
				DEBUG_INFORMATION_FORMAT = dwarf;
				ENABLE_STRICT_OBJC_MSGSEND = YES;
				ENABLE_TESTABILITY = YES;
				GCC_C_LANGUAGE_STANDARD = gnu11;
				GCC_DYNAMIC_NO_PIC = NO;
				GCC_NO_COMMON_BLOCKS = YES;
				GCC_OPTIMIZATION_LEVEL = 0;
				GCC_PREPROCESSOR_DEFINITIONS = (
					"DEBUG=1",
					"$(inherited)",
				);
				GCC_WARN_64_TO_32_BIT_CONVERSION = YES;
				GCC_WARN_ABOUT_RETURN_TYPE = YES_ERROR;
				GCC_WARN_UNDECLARED_SELECTOR = YES;
				GCC_WARN_UNINITIALIZED_AUTOS = YES_AGGRESSIVE;
				GCC_WARN_UNUSED_FUNCTION = YES;
				GCC_WARN_UNUSED_VARIABLE = YES;
				IPHONEOS_DEPLOYMENT_TARGET = 13.7;
				MTL_ENABLE_DEBUG_INFO = INCLUDE_SOURCE;
				MTL_FAST_MATH = YES;
				ONLY_ACTIVE_ARCH = YES;
				SDKROOT = iphoneos;
				SWIFT_ACTIVE_COMPILATION_CONDITIONS = DEBUG;
				SWIFT_OPTIMIZATION_LEVEL = "-Onone";
			};
			name = Debug;
		};
		9C700110250F782100FB88AE /* Release */ = {
			isa = XCBuildConfiguration;
			buildSettings = {
				ALWAYS_SEARCH_USER_PATHS = NO;
				CLANG_ANALYZER_NONNULL = YES;
				CLANG_ANALYZER_NUMBER_OBJECT_CONVERSION = YES_AGGRESSIVE;
				CLANG_CXX_LANGUAGE_STANDARD = "gnu++14";
				CLANG_CXX_LIBRARY = "libc++";
				CLANG_ENABLE_MODULES = YES;
				CLANG_ENABLE_OBJC_ARC = YES;
				CLANG_ENABLE_OBJC_WEAK = YES;
				CLANG_WARN_BLOCK_CAPTURE_AUTORELEASING = YES;
				CLANG_WARN_BOOL_CONVERSION = YES;
				CLANG_WARN_COMMA = YES;
				CLANG_WARN_CONSTANT_CONVERSION = YES;
				CLANG_WARN_DEPRECATED_OBJC_IMPLEMENTATIONS = YES;
				CLANG_WARN_DIRECT_OBJC_ISA_USAGE = YES_ERROR;
				CLANG_WARN_DOCUMENTATION_COMMENTS = YES;
				CLANG_WARN_EMPTY_BODY = YES;
				CLANG_WARN_ENUM_CONVERSION = YES;
				CLANG_WARN_INFINITE_RECURSION = YES;
				CLANG_WARN_INT_CONVERSION = YES;
				CLANG_WARN_NON_LITERAL_NULL_CONVERSION = YES;
				CLANG_WARN_OBJC_IMPLICIT_RETAIN_SELF = YES;
				CLANG_WARN_OBJC_LITERAL_CONVERSION = YES;
				CLANG_WARN_OBJC_ROOT_CLASS = YES_ERROR;
				CLANG_WARN_QUOTED_INCLUDE_IN_FRAMEWORK_HEADER = YES;
				CLANG_WARN_RANGE_LOOP_ANALYSIS = YES;
				CLANG_WARN_STRICT_PROTOTYPES = YES;
				CLANG_WARN_SUSPICIOUS_MOVE = YES;
				CLANG_WARN_UNGUARDED_AVAILABILITY = YES_AGGRESSIVE;
				CLANG_WARN_UNREACHABLE_CODE = YES;
				CLANG_WARN__DUPLICATE_METHOD_MATCH = YES;
				COPY_PHASE_STRIP = NO;
				DEBUG_INFORMATION_FORMAT = "dwarf-with-dsym";
				ENABLE_NS_ASSERTIONS = NO;
				ENABLE_STRICT_OBJC_MSGSEND = YES;
				GCC_C_LANGUAGE_STANDARD = gnu11;
				GCC_NO_COMMON_BLOCKS = YES;
				GCC_WARN_64_TO_32_BIT_CONVERSION = YES;
				GCC_WARN_ABOUT_RETURN_TYPE = YES_ERROR;
				GCC_WARN_UNDECLARED_SELECTOR = YES;
				GCC_WARN_UNINITIALIZED_AUTOS = YES_AGGRESSIVE;
				GCC_WARN_UNUSED_FUNCTION = YES;
				GCC_WARN_UNUSED_VARIABLE = YES;
				IPHONEOS_DEPLOYMENT_TARGET = 13.7;
				MTL_ENABLE_DEBUG_INFO = NO;
				MTL_FAST_MATH = YES;
				SDKROOT = iphoneos;
				SWIFT_COMPILATION_MODE = wholemodule;
				SWIFT_OPTIMIZATION_LEVEL = "-O";
				VALIDATE_PRODUCT = YES;
			};
			name = Release;
		};
		9C700112250F782100FB88AE /* Debug */ = {
			isa = XCBuildConfiguration;
			buildSettings = {
				ASSETCATALOG_COMPILER_APPICON_NAME = AppIcon;
				CODE_SIGN_STYLE = Automatic;
				DEVELOPMENT_ASSET_PATHS = "\"Yugioh/Preview Content\"";
				ENABLE_PREVIEWS = YES;
				INFOPLIST_FILE = Yugioh/Info.plist;
				LD_RUNPATH_SEARCH_PATHS = (
					"$(inherited)",
					"@executable_path/Frameworks",
				);
				PRODUCT_BUNDLE_IDENTIFIER = com.alexandar12.Yugioh;
				PRODUCT_NAME = "$(TARGET_NAME)";
				SWIFT_VERSION = 5.0;
				TARGETED_DEVICE_FAMILY = "1,2";
			};
			name = Debug;
		};
		9C700113250F782100FB88AE /* Release */ = {
			isa = XCBuildConfiguration;
			buildSettings = {
				ASSETCATALOG_COMPILER_APPICON_NAME = AppIcon;
				CODE_SIGN_STYLE = Automatic;
				DEVELOPMENT_ASSET_PATHS = "\"Yugioh/Preview Content\"";
				ENABLE_PREVIEWS = YES;
				INFOPLIST_FILE = Yugioh/Info.plist;
				LD_RUNPATH_SEARCH_PATHS = (
					"$(inherited)",
					"@executable_path/Frameworks",
				);
				PRODUCT_BUNDLE_IDENTIFIER = com.alexandar12.Yugioh;
				PRODUCT_NAME = "$(TARGET_NAME)";
				SWIFT_VERSION = 5.0;
				TARGETED_DEVICE_FAMILY = "1,2";
			};
			name = Release;
		};
/* End XCBuildConfiguration section */

/* Begin XCConfigurationList section */
		9C7000F8250F781E00FB88AE /* Build configuration list for PBXProject "Yugioh" */ = {
			isa = XCConfigurationList;
			buildConfigurations = (
				9C70010F250F782100FB88AE /* Debug */,
				9C700110250F782100FB88AE /* Release */,
			);
			defaultConfigurationIsVisible = 0;
			defaultConfigurationName = Release;
		};
		9C700111250F782100FB88AE /* Build configuration list for PBXNativeTarget "Yugioh" */ = {
			isa = XCConfigurationList;
			buildConfigurations = (
				9C700112250F782100FB88AE /* Debug */,
				9C700113250F782100FB88AE /* Release */,
			);
			defaultConfigurationIsVisible = 0;
			defaultConfigurationName = Release;
		};
/* End XCConfigurationList section */
	};
	rootObject = 9C7000F5250F781E00FB88AE /* Project object */;
}
